// !$*UTF8*$!
{
	archiveVersion = 1;
	classes = {
	};
	objectVersion = 46;
	objects = {

/* Begin PBXBuildFile section */
		224E9ADE1BC4F0850049D6A0 /* AppDelegate.swift in Sources */ = {isa = PBXBuildFile; fileRef = 224E9ADD1BC4F0850049D6A0 /* AppDelegate.swift */; };
		224E9AE01BC4F0850049D6A0 /* ViewController.swift in Sources */ = {isa = PBXBuildFile; fileRef = 224E9ADF1BC4F0850049D6A0 /* ViewController.swift */; };
		224E9AE31BC4F0850049D6A0 /* Main.storyboard in Resources */ = {isa = PBXBuildFile; fileRef = 224E9AE11BC4F0850049D6A0 /* Main.storyboard */; };
		224E9AE51BC4F0850049D6A0 /* Assets.xcassets in Resources */ = {isa = PBXBuildFile; fileRef = 224E9AE41BC4F0850049D6A0 /* Assets.xcassets */; };
		224E9AE81BC4F0850049D6A0 /* LaunchScreen.storyboard in Resources */ = {isa = PBXBuildFile; fileRef = 224E9AE61BC4F0850049D6A0 /* LaunchScreen.storyboard */; };
		224E9AF31BC4F0860049D6A0 /* MenuForYouCreatorTests.swift in Sources */ = {isa = PBXBuildFile; fileRef = 224E9AF21BC4F0860049D6A0 /* MenuForYouCreatorTests.swift */; };
		224E9AFE1BC4F0860049D6A0 /* MenuForYouCreatorUITests.swift in Sources */ = {isa = PBXBuildFile; fileRef = 224E9AFD1BC4F0860049D6A0 /* MenuForYouCreatorUITests.swift */; };
/* End PBXBuildFile section */

/* Begin PBXContainerItemProxy section */
		224E9AEF1BC4F0860049D6A0 /* PBXContainerItemProxy */ = {
			isa = PBXContainerItemProxy;
			containerPortal = 224E9AD21BC4F0850049D6A0 /* Project object */;
			proxyType = 1;
			remoteGlobalIDString = 224E9AD91BC4F0850049D6A0;
			remoteInfo = MenuForYouCreator;
		};
		224E9AFA1BC4F0860049D6A0 /* PBXContainerItemProxy */ = {
			isa = PBXContainerItemProxy;
			containerPortal = 224E9AD21BC4F0850049D6A0 /* Project object */;
			proxyType = 1;
			remoteGlobalIDString = 224E9AD91BC4F0850049D6A0;
			remoteInfo = MenuForYouCreator;
		};
/* End PBXContainerItemProxy section */

/* Begin PBXFileReference section */
		224E9ADA1BC4F0850049D6A0 /* MenuForYouCreator.app */ = {isa = PBXFileReference; explicitFileType = wrapper.application; includeInIndex = 0; path = MenuForYouCreator.app; sourceTree = BUILT_PRODUCTS_DIR; };
		224E9ADD1BC4F0850049D6A0 /* AppDelegate.swift */ = {isa = PBXFileReference; lastKnownFileType = sourcecode.swift; path = AppDelegate.swift; sourceTree = "<group>"; };
		224E9ADF1BC4F0850049D6A0 /* ViewController.swift */ = {isa = PBXFileReference; lastKnownFileType = sourcecode.swift; path = ViewController.swift; sourceTree = "<group>"; };
		224E9AE21BC4F0850049D6A0 /* Base */ = {isa = PBXFileReference; lastKnownFileType = file.storyboard; name = Base; path = Base.lproj/Main.storyboard; sourceTree = "<group>"; };
		224E9AE41BC4F0850049D6A0 /* Assets.xcassets */ = {isa = PBXFileReference; lastKnownFileType = folder.assetcatalog; path = Assets.xcassets; sourceTree = "<group>"; };
		224E9AE71BC4F0850049D6A0 /* Base */ = {isa = PBXFileReference; lastKnownFileType = file.storyboard; name = Base; path = Base.lproj/LaunchScreen.storyboard; sourceTree = "<group>"; };
		224E9AE91BC4F0850049D6A0 /* Info.plist */ = {isa = PBXFileReference; lastKnownFileType = text.plist.xml; path = Info.plist; sourceTree = "<group>"; };
		224E9AEE1BC4F0860049D6A0 /* MenuForYouCreatorTests.xctest */ = {isa = PBXFileReference; explicitFileType = wrapper.cfbundle; includeInIndex = 0; path = MenuForYouCreatorTests.xctest; sourceTree = BUILT_PRODUCTS_DIR; };
		224E9AF21BC4F0860049D6A0 /* MenuForYouCreatorTests.swift */ = {isa = PBXFileReference; lastKnownFileType = sourcecode.swift; path = MenuForYouCreatorTests.swift; sourceTree = "<group>"; };
		224E9AF41BC4F0860049D6A0 /* Info.plist */ = {isa = PBXFileReference; lastKnownFileType = text.plist.xml; path = Info.plist; sourceTree = "<group>"; };
		224E9AF91BC4F0860049D6A0 /* MenuForYouCreatorUITests.xctest */ = {isa = PBXFileReference; explicitFileType = wrapper.cfbundle; includeInIndex = 0; path = MenuForYouCreatorUITests.xctest; sourceTree = BUILT_PRODUCTS_DIR; };
		224E9AFD1BC4F0860049D6A0 /* MenuForYouCreatorUITests.swift */ = {isa = PBXFileReference; lastKnownFileType = sourcecode.swift; path = MenuForYouCreatorUITests.swift; sourceTree = "<group>"; };
		224E9AFF1BC4F0860049D6A0 /* Info.plist */ = {isa = PBXFileReference; lastKnownFileType = text.plist.xml; path = Info.plist; sourceTree = "<group>"; };
/* End PBXFileReference section */

/* Begin PBXFrameworksBuildPhase section */
		224E9AD71BC4F0850049D6A0 /* Frameworks */ = {
			isa = PBXFrameworksBuildPhase;
			buildActionMask = 2147483647;
			files = (
			);
			runOnlyForDeploymentPostprocessing = 0;
		};
		224E9AEB1BC4F0860049D6A0 /* Frameworks */ = {
			isa = PBXFrameworksBuildPhase;
			buildActionMask = 2147483647;
			files = (
			);
			runOnlyForDeploymentPostprocessing = 0;
		};
		224E9AF61BC4F0860049D6A0 /* Frameworks */ = {
			isa = PBXFrameworksBuildPhase;
			buildActionMask = 2147483647;
			files = (
			);
			runOnlyForDeploymentPostprocessing = 0;
		};
/* End PBXFrameworksBuildPhase section */

/* Begin PBXGroup section */
		224E9AD11BC4F0850049D6A0 = {
			isa = PBXGroup;
			children = (
				224E9ADC1BC4F0850049D6A0 /* MenuForYouCreator */,
				224E9AF11BC4F0860049D6A0 /* MenuForYouCreatorTests */,
				224E9AFC1BC4F0860049D6A0 /* MenuForYouCreatorUITests */,
				224E9ADB1BC4F0850049D6A0 /* Products */,
			);
			sourceTree = "<group>";
		};
		224E9ADB1BC4F0850049D6A0 /* Products */ = {
			isa = PBXGroup;
			children = (
				224E9ADA1BC4F0850049D6A0 /* MenuForYouCreator.app */,
				224E9AEE1BC4F0860049D6A0 /* MenuForYouCreatorTests.xctest */,
				224E9AF91BC4F0860049D6A0 /* MenuForYouCreatorUITests.xctest */,
			);
			name = Products;
			sourceTree = "<group>";
		};
		224E9ADC1BC4F0850049D6A0 /* MenuForYouCreator */ = {
			isa = PBXGroup;
			children = (
				224E9ADD1BC4F0850049D6A0 /* AppDelegate.swift */,
				224E9ADF1BC4F0850049D6A0 /* ViewController.swift */,
				224E9AE11BC4F0850049D6A0 /* Main.storyboard */,
				224E9AE41BC4F0850049D6A0 /* Assets.xcassets */,
				224E9AE61BC4F0850049D6A0 /* LaunchScreen.storyboard */,
				224E9AE91BC4F0850049D6A0 /* Info.plist */,
			);
			path = MenuForYouCreator;
			sourceTree = "<group>";
		};
		224E9AF11BC4F0860049D6A0 /* MenuForYouCreatorTests */ = {
			isa = PBXGroup;
			children = (
				224E9AF21BC4F0860049D6A0 /* MenuForYouCreatorTests.swift */,
				224E9AF41BC4F0860049D6A0 /* Info.plist */,
			);
			path = MenuForYouCreatorTests;
			sourceTree = "<group>";
		};
		224E9AFC1BC4F0860049D6A0 /* MenuForYouCreatorUITests */ = {
			isa = PBXGroup;
			children = (
				224E9AFD1BC4F0860049D6A0 /* MenuForYouCreatorUITests.swift */,
				224E9AFF1BC4F0860049D6A0 /* Info.plist */,
			);
			path = MenuForYouCreatorUITests;
			sourceTree = "<group>";
		};
/* End PBXGroup section */

/* Begin PBXNativeTarget section */
		224E9AD91BC4F0850049D6A0 /* MenuForYouCreator */ = {
			isa = PBXNativeTarget;
			buildConfigurationList = 224E9B021BC4F0860049D6A0 /* Build configuration list for PBXNativeTarget "MenuForYouCreator" */;
			buildPhases = (
				224E9AD61BC4F0850049D6A0 /* Sources */,
				224E9AD71BC4F0850049D6A0 /* Frameworks */,
				224E9AD81BC4F0850049D6A0 /* Resources */,
			);
			buildRules = (
			);
			dependencies = (
			);
			name = MenuForYouCreator;
			productName = MenuForYouCreator;
			productReference = 224E9ADA1BC4F0850049D6A0 /* MenuForYouCreator.app */;
			productType = "com.apple.product-type.application";
		};
		224E9AED1BC4F0860049D6A0 /* MenuForYouCreatorTests */ = {
			isa = PBXNativeTarget;
			buildConfigurationList = 224E9B051BC4F0860049D6A0 /* Build configuration list for PBXNativeTarget "MenuForYouCreatorTests" */;
			buildPhases = (
				224E9AEA1BC4F0860049D6A0 /* Sources */,
				224E9AEB1BC4F0860049D6A0 /* Frameworks */,
				224E9AEC1BC4F0860049D6A0 /* Resources */,
			);
			buildRules = (
			);
			dependencies = (
				224E9AF01BC4F0860049D6A0 /* PBXTargetDependency */,
			);
			name = MenuForYouCreatorTests;
			productName = MenuForYouCreatorTests;
			productReference = 224E9AEE1BC4F0860049D6A0 /* MenuForYouCreatorTests.xctest */;
			productType = "com.apple.product-type.bundle.unit-test";
		};
		224E9AF81BC4F0860049D6A0 /* MenuForYouCreatorUITests */ = {
			isa = PBXNativeTarget;
			buildConfigurationList = 224E9B081BC4F0860049D6A0 /* Build configuration list for PBXNativeTarget "MenuForYouCreatorUITests" */;
			buildPhases = (
				224E9AF51BC4F0860049D6A0 /* Sources */,
				224E9AF61BC4F0860049D6A0 /* Frameworks */,
				224E9AF71BC4F0860049D6A0 /* Resources */,
			);
			buildRules = (
			);
			dependencies = (
				224E9AFB1BC4F0860049D6A0 /* PBXTargetDependency */,
			);
			name = MenuForYouCreatorUITests;
			productName = MenuForYouCreatorUITests;
			productReference = 224E9AF91BC4F0860049D6A0 /* MenuForYouCreatorUITests.xctest */;
			productType = "com.apple.product-type.bundle.ui-testing";
		};
/* End PBXNativeTarget section */

/* Begin PBXProject section */
		224E9AD21BC4F0850049D6A0 /* Project object */ = {
			isa = PBXProject;
			attributes = {
				LastUpgradeCheck = 0700;
				ORGANIZATIONNAME = "Maurizio Pinzi";
				TargetAttributes = {
					224E9AD91BC4F0850049D6A0 = {
						CreatedOnToolsVersion = 7.0.1;
					};
					224E9AED1BC4F0860049D6A0 = {
						CreatedOnToolsVersion = 7.0.1;
						TestTargetID = 224E9AD91BC4F0850049D6A0;
					};
					224E9AF81BC4F0860049D6A0 = {
						CreatedOnToolsVersion = 7.0.1;
						TestTargetID = 224E9AD91BC4F0850049D6A0;
					};
				};
			};
			buildConfigurationList = 224E9AD51BC4F0850049D6A0 /* Build configuration list for PBXProject "MenuForYouCreator" */;
			compatibilityVersion = "Xcode 3.2";
			developmentRegion = English;
			hasScannedForEncodings = 0;
			knownRegions = (
				en,
				Base,
			);
			mainGroup = 224E9AD11BC4F0850049D6A0;
			productRefGroup = 224E9ADB1BC4F0850049D6A0 /* Products */;
			projectDirPath = "";
			projectRoot = "";
			targets = (
				224E9AD91BC4F0850049D6A0 /* MenuForYouCreator */,
				224E9AED1BC4F0860049D6A0 /* MenuForYouCreatorTests */,
				224E9AF81BC4F0860049D6A0 /* MenuForYouCreatorUITests */,
			);
		};
/* End PBXProject section */

/* Begin PBXResourcesBuildPhase section */
		224E9AD81BC4F0850049D6A0 /* Resources */ = {
			isa = PBXResourcesBuildPhase;
			buildActionMask = 2147483647;
			files = (
				224E9AE81BC4F0850049D6A0 /* LaunchScreen.storyboard in Resources */,
				224E9AE51BC4F0850049D6A0 /* Assets.xcassets in Resources */,
				224E9AE31BC4F0850049D6A0 /* Main.storyboard in Resources */,
			);
			runOnlyForDeploymentPostprocessing = 0;
		};
		224E9AEC1BC4F0860049D6A0 /* Resources */ = {
			isa = PBXResourcesBuildPhase;
			buildActionMask = 2147483647;
			files = (
			);
			runOnlyForDeploymentPostprocessing = 0;
		};
		224E9AF71BC4F0860049D6A0 /* Resources */ = {
			isa = PBXResourcesBuildPhase;
			buildActionMask = 2147483647;
			files = (
			);
			runOnlyForDeploymentPostprocessing = 0;
		};
/* End PBXResourcesBuildPhase section */

/* Begin PBXSourcesBuildPhase section */
		224E9AD61BC4F0850049D6A0 /* Sources */ = {
			isa = PBXSourcesBuildPhase;
			buildActionMask = 2147483647;
			files = (
				224E9AE01BC4F0850049D6A0 /* ViewController.swift in Sources */,
				224E9ADE1BC4F0850049D6A0 /* AppDelegate.swift in Sources */,
			);
			runOnlyForDeploymentPostprocessing = 0;
		};
		224E9AEA1BC4F0860049D6A0 /* Sources */ = {
			isa = PBXSourcesBuildPhase;
			buildActionMask = 2147483647;
			files = (
				224E9AF31BC4F0860049D6A0 /* MenuForYouCreatorTests.swift in Sources */,
			);
			runOnlyForDeploymentPostprocessing = 0;
		};
		224E9AF51BC4F0860049D6A0 /* Sources */ = {
			isa = PBXSourcesBuildPhase;
			buildActionMask = 2147483647;
			files = (
				224E9AFE1BC4F0860049D6A0 /* MenuForYouCreatorUITests.swift in Sources */,
			);
			runOnlyForDeploymentPostprocessing = 0;
		};
/* End PBXSourcesBuildPhase section */

/* Begin PBXTargetDependency section */
		224E9AF01BC4F0860049D6A0 /* PBXTargetDependency */ = {
			isa = PBXTargetDependency;
			target = 224E9AD91BC4F0850049D6A0 /* MenuForYouCreator */;
			targetProxy = 224E9AEF1BC4F0860049D6A0 /* PBXContainerItemProxy */;
		};
		224E9AFB1BC4F0860049D6A0 /* PBXTargetDependency */ = {
			isa = PBXTargetDependency;
			target = 224E9AD91BC4F0850049D6A0 /* MenuForYouCreator */;
			targetProxy = 224E9AFA1BC4F0860049D6A0 /* PBXContainerItemProxy */;
		};
/* End PBXTargetDependency section */

/* Begin PBXVariantGroup section */
		224E9AE11BC4F0850049D6A0 /* Main.storyboard */ = {
			isa = PBXVariantGroup;
			children = (
				224E9AE21BC4F0850049D6A0 /* Base */,
			);
			name = Main.storyboard;
			sourceTree = "<group>";
		};
		224E9AE61BC4F0850049D6A0 /* LaunchScreen.storyboard */ = {
			isa = PBXVariantGroup;
			children = (
				224E9AE71BC4F0850049D6A0 /* Base */,
			);
			name = LaunchScreen.storyboard;
			sourceTree = "<group>";
		};
/* End PBXVariantGroup section */

/* Begin XCBuildConfiguration section */
		224E9B001BC4F0860049D6A0 /* Debug */ = {
			isa = XCBuildConfiguration;
			buildSettings = {
				ALWAYS_SEARCH_USER_PATHS = NO;
				CLANG_CXX_LANGUAGE_STANDARD = "gnu++0x";
				CLANG_CXX_LIBRARY = "libc++";
				CLANG_ENABLE_MODULES = YES;
				CLANG_ENABLE_OBJC_ARC = YES;
				CLANG_WARN_BOOL_CONVERSION = YES;
				CLANG_WARN_CONSTANT_CONVERSION = YES;
				CLANG_WARN_DIRECT_OBJC_ISA_USAGE = YES_ERROR;
				CLANG_WARN_EMPTY_BODY = YES;
				CLANG_WARN_ENUM_CONVERSION = YES;
				CLANG_WARN_INT_CONVERSION = YES;
				CLANG_WARN_OBJC_ROOT_CLASS = YES_ERROR;
				CLANG_WARN_UNREACHABLE_CODE = YES;
				CLANG_WARN__DUPLICATE_METHOD_MATCH = YES;
				"CODE_SIGN_IDENTITY[sdk=iphoneos*]" = "iPhone Developer";
				COPY_PHASE_STRIP = NO;
				DEBUG_INFORMATION_FORMAT = dwarf;
				ENABLE_STRICT_OBJC_MSGSEND = YES;
				ENABLE_TESTABILITY = YES;
				GCC_C_LANGUAGE_STANDARD = gnu99;
				GCC_DYNAMIC_NO_PIC = NO;
				GCC_NO_COMMON_BLOCKS = YES;
				GCC_OPTIMIZATION_LEVEL = 0;
				GCC_PREPROCESSOR_DEFINITIONS = (
					"DEBUG=1",
					"$(inherited)",
				);
				GCC_WARN_64_TO_32_BIT_CONVERSION = YES;
				GCC_WARN_ABOUT_RETURN_TYPE = YES_ERROR;
				GCC_WARN_UNDECLARED_SELECTOR = YES;
				GCC_WARN_UNINITIALIZED_AUTOS = YES_AGGRESSIVE;
				GCC_WARN_UNUSED_FUNCTION = YES;
				GCC_WARN_UNUSED_VARIABLE = YES;
				IPHONEOS_DEPLOYMENT_TARGET = 9.0;
				MTL_ENABLE_DEBUG_INFO = YES;
				ONLY_ACTIVE_ARCH = YES;
				SDKROOT = iphoneos;
				SWIFT_OPTIMIZATION_LEVEL = "-Onone";
				TARGETED_DEVICE_FAMILY = "1,2";
			};
			name = Debug;
		};
		224E9B011BC4F0860049D6A0 /* Release */ = {
			isa = XCBuildConfiguration;
			buildSettings = {
				ALWAYS_SEARCH_USER_PATHS = NO;
				CLANG_CXX_LANGUAGE_STANDARD = "gnu++0x";
				CLANG_CXX_LIBRARY = "libc++";
				CLANG_ENABLE_MODULES = YES;
				CLANG_ENABLE_OBJC_ARC = YES;
				CLANG_WARN_BOOL_CONVERSION = YES;
				CLANG_WARN_CONSTANT_CONVERSION = YES;
				CLANG_WARN_DIRECT_OBJC_ISA_USAGE = YES_ERROR;
				CLANG_WARN_EMPTY_BODY = YES;
				CLANG_WARN_ENUM_CONVERSION = YES;
				CLANG_WARN_INT_CONVERSION = YES;
				CLANG_WARN_OBJC_ROOT_CLASS = YES_ERROR;
				CLANG_WARN_UNREACHABLE_CODE = YES;
				CLANG_WARN__DUPLICATE_METHOD_MATCH = YES;
				"CODE_SIGN_IDENTITY[sdk=iphoneos*]" = "iPhone Developer";
				COPY_PHASE_STRIP = NO;
				DEBUG_INFORMATION_FORMAT = "dwarf-with-dsym";
				ENABLE_NS_ASSERTIONS = NO;
				ENABLE_STRICT_OBJC_MSGSEND = YES;
				GCC_C_LANGUAGE_STANDARD = gnu99;
				GCC_NO_COMMON_BLOCKS = YES;
				GCC_WARN_64_TO_32_BIT_CONVERSION = YES;
				GCC_WARN_ABOUT_RETURN_TYPE = YES_ERROR;
				GCC_WARN_UNDECLARED_SELECTOR = YES;
				GCC_WARN_UNINITIALIZED_AUTOS = YES_AGGRESSIVE;
				GCC_WARN_UNUSED_FUNCTION = YES;
				GCC_WARN_UNUSED_VARIABLE = YES;
				IPHONEOS_DEPLOYMENT_TARGET = 9.0;
				MTL_ENABLE_DEBUG_INFO = NO;
				SDKROOT = iphoneos;
				TARGETED_DEVICE_FAMILY = "1,2";
				VALIDATE_PRODUCT = YES;
			};
			name = Release;
		};
		224E9B031BC4F0860049D6A0 /* Debug */ = {
			isa = XCBuildConfiguration;
			buildSettings = {
				ASSETCATALOG_COMPILER_APPICON_NAME = AppIcon;
				INFOPLIST_FILE = MenuForYouCreator/Info.plist;
				LD_RUNPATH_SEARCH_PATHS = "$(inherited) @executable_path/Frameworks";
				PRODUCT_BUNDLE_IDENTIFIER = com.menuforyou.MenuForYouCreator;
				PRODUCT_NAME = "$(TARGET_NAME)";
			};
			name = Debug;
		};
		224E9B041BC4F0860049D6A0 /* Release */ = {
			isa = XCBuildConfiguration;
			buildSettings = {
				ASSETCATALOG_COMPILER_APPICON_NAME = AppIcon;
				INFOPLIST_FILE = MenuForYouCreator/Info.plist;
				LD_RUNPATH_SEARCH_PATHS = "$(inherited) @executable_path/Frameworks";
				PRODUCT_BUNDLE_IDENTIFIER = com.menuforyou.MenuForYouCreator;
				PRODUCT_NAME = "$(TARGET_NAME)";
			};
			name = Release;
		};
		224E9B061BC4F0860049D6A0 /* Debug */ = {
			isa = XCBuildConfiguration;
			buildSettings = {
				BUNDLE_LOADER = "$(TEST_HOST)";
				INFOPLIST_FILE = MenuForYouCreatorTests/Info.plist;
				LD_RUNPATH_SEARCH_PATHS = "$(inherited) @executable_path/Frameworks @loader_path/Frameworks";
				PRODUCT_BUNDLE_IDENTIFIER = com.menuforyou.MenuForYouCreatorTests;
				PRODUCT_NAME = "$(TARGET_NAME)";
				TEST_HOST = "$(BUILT_PRODUCTS_DIR)/MenuForYouCreator.app/MenuForYouCreator";
			};
			name = Debug;
		};
		224E9B071BC4F0860049D6A0 /* Release */ = {
			isa = XCBuildConfiguration;
			buildSettings = {
				BUNDLE_LOADER = "$(TEST_HOST)";
				INFOPLIST_FILE = MenuForYouCreatorTests/Info.plist;
				LD_RUNPATH_SEARCH_PATHS = "$(inherited) @executable_path/Frameworks @loader_path/Frameworks";
				PRODUCT_BUNDLE_IDENTIFIER = com.menuforyou.MenuForYouCreatorTests;
				PRODUCT_NAME = "$(TARGET_NAME)";
				TEST_HOST = "$(BUILT_PRODUCTS_DIR)/MenuForYouCreator.app/MenuForYouCreator";
			};
			name = Release;
		};
		224E9B091BC4F0860049D6A0 /* Debug */ = {
			isa = XCBuildConfiguration;
			buildSettings = {
				INFOPLIST_FILE = MenuForYouCreatorUITests/Info.plist;
				LD_RUNPATH_SEARCH_PATHS = "$(inherited) @executable_path/Frameworks @loader_path/Frameworks";
				PRODUCT_BUNDLE_IDENTIFIER = com.menuforyou.MenuForYouCreatorUITests;
				PRODUCT_NAME = "$(TARGET_NAME)";
				TEST_TARGET_NAME = MenuForYouCreator;
				USES_XCTRUNNER = YES;
			};
			name = Debug;
		};
		224E9B0A1BC4F0860049D6A0 /* Release */ = {
			isa = XCBuildConfiguration;
			buildSettings = {
				INFOPLIST_FILE = MenuForYouCreatorUITests/Info.plist;
				LD_RUNPATH_SEARCH_PATHS = "$(inherited) @executable_path/Frameworks @loader_path/Frameworks";
				PRODUCT_BUNDLE_IDENTIFIER = com.menuforyou.MenuForYouCreatorUITests;
				PRODUCT_NAME = "$(TARGET_NAME)";
				TEST_TARGET_NAME = MenuForYouCreator;
				USES_XCTRUNNER = YES;
			};
			name = Release;
		};
/* End XCBuildConfiguration section */

/* Begin XCConfigurationList section */
		224E9AD51BC4F0850049D6A0 /* Build configuration list for PBXProject "MenuForYouCreator" */ = {
			isa = XCConfigurationList;
			buildConfigurations = (
				224E9B001BC4F0860049D6A0 /* Debug */,
				224E9B011BC4F0860049D6A0 /* Release */,
			);
			defaultConfigurationIsVisible = 0;
			defaultConfigurationName = Release;
		};
		224E9B021BC4F0860049D6A0 /* Build configuration list for PBXNativeTarget "MenuForYouCreator" */ = {
			isa = XCConfigurationList;
			buildConfigurations = (
				224E9B031BC4F0860049D6A0 /* Debug */,
				224E9B041BC4F0860049D6A0 /* Release */,
			);
			defaultConfigurationIsVisible = 0;
		};
		224E9B051BC4F0860049D6A0 /* Build configuration list for PBXNativeTarget "MenuForYouCreatorTests" */ = {
			isa = XCConfigurationList;
			buildConfigurations = (
				224E9B061BC4F0860049D6A0 /* Debug */,
				224E9B071BC4F0860049D6A0 /* Release */,
			);
			defaultConfigurationIsVisible = 0;
		};
		224E9B081BC4F0860049D6A0 /* Build configuration list for PBXNativeTarget "MenuForYouCreatorUITests" */ = {
			isa = XCConfigurationList;
			buildConfigurations = (
				224E9B091BC4F0860049D6A0 /* Debug */,
				224E9B0A1BC4F0860049D6A0 /* Release */,
			);
			defaultConfigurationIsVisible = 0;
		};
/* End XCConfigurationList section */
	};
	rootObject = 224E9AD21BC4F0850049D6A0 /* Project object */;
}
